
Microsoft Visual Studio Solution File, Format Version 11.00
# Visual Studio 2010
Project("{FAE04EC0-301F-11D3-BF4B-00C04F79EFBC}") = "teamcanada", "teamcanada\teamcanada.csproj", "{0C4C865B-2571-4853-8184-873DA8323599}"
EndProject
Project("{FAE04EC0-301F-11D3-BF4B-00C04F79EFBC}") = "teamcanada.Tests", "teamcanada.Tests\teamcanada.Tests.csproj", "{598E2D68-A7BD-490A-AA2D-B20BD94DA5E3}"
EndProject
Global
	GlobalSection(SolutionConfigurationPlatforms) = preSolution
		Debug|Any CPU = Debug|Any CPU
		Release|Any CPU = Release|Any CPU
	EndGlobalSection
	GlobalSection(ProjectConfigurationPlatforms) = postSolution
		{0C4C865B-2571-4853-8184-873DA8323599}.Debug|Any CPU.ActiveCfg = Debug|Any CPU
		{0C4C865B-2571-4853-8184-873DA8323599}.Debug|Any CPU.Build.0 = Debug|Any CPU
		{0C4C865B-2571-4853-8184-873DA8323599}.Release|Any CPU.ActiveCfg = Release|Any CPU
		{0C4C865B-2571-4853-8184-873DA8323599}.Release|Any CPU.Build.0 = Release|Any CPU
		{598E2D68-A7BD-490A-AA2D-B20BD94DA5E3}.Debug|Any CPU.ActiveCfg = Debug|Any CPU
		{598E2D68-A7BD-490A-AA2D-B20BD94DA5E3}.Debug|Any CPU.Build.0 = Debug|Any CPU
		{598E2D68-A7BD-490A-AA2D-B20BD94DA5E3}.Release|Any CPU.ActiveCfg = Release|Any CPU
		{598E2D68-A7BD-490A-AA2D-B20BD94DA5E3}.Release|Any CPU.Build.0 = Release|Any CPU
	EndGlobalSection
	GlobalSection(SolutionProperties) = preSolution
		HideSolutionNode = FALSE
	EndGlobalSection
EndGlobal
